<Solution>
  <Folder Name="/Solution Items/">
    <File Path=".editorconfig" />
    <File Path=".gitattributes" />
    <File Path=".gitignore" />
    <File Path="LICENSE.txt" />
    <File Path="README.md" />
  </Folder>
  <Project Path="src/DKW.TransactionExtractor.Tests/DKW.TransactionExtractor.Tests.csproj" />
  <Project Path="src/DKW.TransactionExtractor/DKW.TransactionExtractor.csproj" />
</Solution>
